hash: c41945ae65f03325a883800f4883392ea131d93db74b3312249a509af8b551b2
updated: 2017-08-13T12:49:42.868706638-04:00
imports: []
testImports:
- name: github.com/davecgh/go-spew
  version: 6d212800a42e8ab5c146b8ace3490ee17e5225f9
  subpackages:
  - spew
- name: github.com/dchest/siphash
  version: 4ebf1de738443ea7f45f02dc394c4df1942a126d
- name: github.com/dgryski/go-farm
  version: e2d0fe22b456fa0a35cd883ba355ecfcf1881490
- name: github.com/dgryski/go-highway
  version: 17171d698d9c22164cb429962abc409ef514d3b2
- name: github.com/dgryski/go-spooky
  version: ed3d087f40e29d80bfe4d9c1c1f2d4885eb1b82a
- name: github.com/intel-go/cpuid
  version: 14e30a176083de28aacc003e865f9fe7a1fe5403
- name: github.com/OneOfOne/xxhash
  version: 9f129ced0523605cdde14a954ae4609e366a7998
- name: github.com/pmezard/go-difflib
  version: d8ed2627bdf02c080bf22230dbb337003b7aba2d
  subpackages:
  - difflib
- name: github.com/spaolacci/murmur3
  version: 4ec5a0f56d4fc178129a8433576bf6f2fe672a9e
- name: github.com/stretchr/testify
  version: 69483b4bd14f5845b5a1e55bca19e954e827f1d0
  subpackages:
  - assert
- name: github.com/Workiva/go-datastructures
  version: b9547a38b81ee66409d34781495d771dfa1e7e41
  subpackages:
  - queue
- name: github.com/zhenjl/cityhash
  version: cdd6a94144ab18dd21ad865a3aa6837585bffa15
