hash: c66e1bdd47695e088988606f28339830cee65f121fb6db8f72e13e5437775823
updated: 2017-08-20T19:49:42.090027908-04:00
imports: []
testImports:
- name: github.com/apache/thrift
  version: 9549b25c77587b29be4e0b5c258221a4ed85d37a
  subpackages:
  - lib/go/thrift
- name: github.com/davecgh/go-spew
  version: 6d212800a42e8ab5c146b8ace3490ee17e5225f9
  subpackages:
  - spew
- name: github.com/dchest/siphash
  version: 4ebf1de738443ea7f45f02dc394c4df1942a126d
- name: github.com/dgryski/go-farm
  version: e2d0fe22b456fa0a35cd883ba355ecfcf1881490
- name: github.com/dgryski/go-highway
  version: 17171d698d9c22164cb429962abc409ef514d3b2
- name: github.com/dgryski/go-spooky
  version: ed3d087f40e29d80bfe4d9c1c1f2d4885eb1b82a
- name: github.com/facebookgo/clock
  version: 600d898af40aa09a7a93ecb9265d87b0504b6f03
- name: github.com/glycerine/go-unsnap-stream
  version: 87275cecd8e984c5875577d22da7ce8945df780e
- name: github.com/go-ole/go-ole
  version: de8695c8edbf8236f30d6e1376e20b198a028d42
  subpackages:
  - oleutil
- name: github.com/golang/snappy
  version: d7b1e156f50d3c4664f683603af70e3e47fa0aa2
- name: github.com/intel-go/cpuid
  version: 14e30a176083de28aacc003e865f9fe7a1fe5403
- name: github.com/m3db/m3x
  version: fa84f5989c6d5f2c8d867be7a22b3186209407ea
  subpackages:
  - checked
  - instrument
  - log
  - pool
  - process
- name: github.com/mschoch/smat
  version: 90eadee771aeab36e8bf796039b8c261bebebe4f
- name: github.com/OneOfOne/xxhash
  version: 9f129ced0523605cdde14a954ae4609e366a7998
- name: github.com/philhofer/fwd
  version: 1612a298117663d7bc9a760ae20d383413859798
- name: github.com/pmezard/go-difflib
  version: d8ed2627bdf02c080bf22230dbb337003b7aba2d
  subpackages:
  - difflib
- name: github.com/RoaringBitmap/roaring
  version: a8594f16ca7dac7d9683315c1b4044d5b358894f
- name: github.com/shirou/gopsutil
  version: b62e301a8b9958eebb7299683eb57fab229a9501
  subpackages:
  - cpu
  - host
  - internal/common
  - mem
  - net
  - process
- name: github.com/shirou/w32
  version: bb4de0191aa41b5507caa14b0650cdbddcd9280b
- name: github.com/spaolacci/murmur3
  version: 4ec5a0f56d4fc178129a8433576bf6f2fe672a9e
- name: github.com/StackExchange/wmi
  version: e542ed97d15e640bdc14b5c12162d59e8fc67324
- name: github.com/stretchr/testify
  version: 69483b4bd14f5845b5a1e55bca19e954e827f1d0
  subpackages:
  - assert
- name: github.com/tinylib/msgp
  version: 701aacd80f9ace06ea698bd7801c361fb7fe580b
  subpackages:
  - msgp
- name: github.com/uber-go/atomic
  version: e682c1008ac17bf26d2e4b5ad6cdd08520ed0b22
- name: github.com/uber-go/tally
  version: 4b9d9de43ffcb0b7efe67dab2a92c2d58dbf16ab
  subpackages:
  - m3
  - m3/customtransports
  - m3/thrift
  - m3/thriftudp
- name: github.com/willf/bitset
  version: 988f4f24992fc745de53c42df0da6581e42a6686
- name: github.com/Workiva/go-datastructures
  version: b9547a38b81ee66409d34781495d771dfa1e7e41
  subpackages:
  - queue
- name: github.com/zhenjl/cityhash
  version: cdd6a94144ab18dd21ad865a3aa6837585bffa15
